// !$*UTF8*$!
{
	archiveVersion = 1;
	classes = {
	};
	objectVersion = 46;
	objects = {

/* Begin PBXBuildFile section */
		CC0743FB1D3FEC0C008E300E /* ImageController.swift in Sources */ = {isa = PBXBuildFile; fileRef = CC0743FA1D3FEC0C008E300E /* ImageController.swift */; };
		CC34CA2E1D4927BC0081AC07 /* ProfileTableViewCell.swift in Sources */ = {isa = PBXBuildFile; fileRef = CC34CA2D1D4927BC0081AC07 /* ProfileTableViewCell.swift */; };
		CC636B0F1D36FC20003B4A18 /* SearchableRecord.swift in Sources */ = {isa = PBXBuildFile; fileRef = CC636B0E1D36FC20003B4A18 /* SearchableRecord.swift */; };
		CC636B111D37043F003B4A18 /* PlaylistViewController.swift in Sources */ = {isa = PBXBuildFile; fileRef = CC636B101D37043F003B4A18 /* PlaylistViewController.swift */; };
		CCB593211D306A0E000C6906 /* AppDelegate.swift in Sources */ = {isa = PBXBuildFile; fileRef = CCB593201D306A0E000C6906 /* AppDelegate.swift */; };
		CCB593261D306A0E000C6906 /* Main.storyboard in Resources */ = {isa = PBXBuildFile; fileRef = CCB593241D306A0E000C6906 /* Main.storyboard */; };
		CCB593281D306A0E000C6906 /* Assets.xcassets in Resources */ = {isa = PBXBuildFile; fileRef = CCB593271D306A0E000C6906 /* Assets.xcassets */; };
		CCB593341D306A45000C6906 /* CloudKit.framework in Frameworks */ = {isa = PBXBuildFile; fileRef = CCB593331D306A45000C6906 /* CloudKit.framework */; };
		CCB593361D306BAB000C6906 /* LoginViewController.swift in Sources */ = {isa = PBXBuildFile; fileRef = CCB593351D306BAB000C6906 /* LoginViewController.swift */; };
		CCB5935C1D3413E3000C6906 /* CoreData.xcdatamodeld in Sources */ = {isa = PBXBuildFile; fileRef = CCB5935A1D3413E3000C6906 /* CoreData.xcdatamodeld */; };
		CCB5935E1D3436FE000C6906 /* NetworkController.swift in Sources */ = {isa = PBXBuildFile; fileRef = CCB5935D1D3436FE000C6906 /* NetworkController.swift */; };
		CCB5936F1D344462000C6906 /* Stack.swift in Sources */ = {isa = PBXBuildFile; fileRef = CCB5936E1D344462000C6906 /* Stack.swift */; };
		CCB593821D344B2C000C6906 /* UserController.swift in Sources */ = {isa = PBXBuildFile; fileRef = CCB593811D344B2C000C6906 /* UserController.swift */; };
		CCB593861D344D9D000C6906 /* CloudKitManagedObject.swift in Sources */ = {isa = PBXBuildFile; fileRef = CCB593851D344D9D000C6906 /* CloudKitManagedObject.swift */; };
		CCB593881D344DD7000C6906 /* CloudKitManager.swift in Sources */ = {isa = PBXBuildFile; fileRef = CCB593871D344DD7000C6906 /* CloudKitManager.swift */; };
		CCCB02651D40304300B68678 /* SongSearchResultsTableViewCell.swift in Sources */ = {isa = PBXBuildFile; fileRef = CCCB02641D40304300B68678 /* SongSearchResultsTableViewCell.swift */; };
		CCE2CD811D46786F00B1FEF0 /* MediaPlayer.framework in Frameworks */ = {isa = PBXBuildFile; fileRef = CCE2CD801D46786F00B1FEF0 /* MediaPlayer.framework */; };
		CCE2CD831D467E1300B1FEF0 /* UserTableViewCell.swift in Sources */ = {isa = PBXBuildFile; fileRef = CCE2CD821D467E1300B1FEF0 /* UserTableViewCell.swift */; };
		CCF9C1861D359AC3002E3E42 /* SongTableViewCell.swift in Sources */ = {isa = PBXBuildFile; fileRef = CCF9C1851D359AC3002E3E42 /* SongTableViewCell.swift */; };
		CCF9C1881D35B293002E3E42 /* ProfileViewController.swift in Sources */ = {isa = PBXBuildFile; fileRef = CCF9C1871D35B293002E3E42 /* ProfileViewController.swift */; };
		CCF9C18A1D35B8C9002E3E42 /* UserSearchTableViewController.swift in Sources */ = {isa = PBXBuildFile; fileRef = CCF9C1891D35B8C9002E3E42 /* UserSearchTableViewController.swift */; };
		CCF9C18E1D35B972002E3E42 /* SongSelectorTableViewController.swift in Sources */ = {isa = PBXBuildFile; fileRef = CCF9C18D1D35B972002E3E42 /* SongSelectorTableViewController.swift */; };
		CCF9C1B51D36B1F0002E3E42 /* Playlist.swift in Sources */ = {isa = PBXBuildFile; fileRef = CCF9C1B31D36B1F0002E3E42 /* Playlist.swift */; };
		CCF9C1BD1D36B24C002E3E42 /* SyncableObject+CoreDataProperties.swift in Sources */ = {isa = PBXBuildFile; fileRef = CCF9C1B61D36B24C002E3E42 /* SyncableObject+CoreDataProperties.swift */; };
		CCF9C1BF1D36B24C002E3E42 /* User+CoreDataProperties.swift in Sources */ = {isa = PBXBuildFile; fileRef = CCF9C1B81D36B24C002E3E42 /* User+CoreDataProperties.swift */; };
		CCF9C1C11D36B24C002E3E42 /* Playlist+CoreDataProperties.swift in Sources */ = {isa = PBXBuildFile; fileRef = CCF9C1BA1D36B24C002E3E42 /* Playlist+CoreDataProperties.swift */; };
		CCF9C1C21D36B24C002E3E42 /* Song+CoreDataProperties.swift in Sources */ = {isa = PBXBuildFile; fileRef = CCF9C1BB1D36B24C002E3E42 /* Song+CoreDataProperties.swift */; };
		CCF9C1C51D36B62D002E3E42 /* Song.swift in Sources */ = {isa = PBXBuildFile; fileRef = CCF9C1C41D36B62D002E3E42 /* Song.swift */; };
		CCF9C1C71D36B63F002E3E42 /* User.swift in Sources */ = {isa = PBXBuildFile; fileRef = CCF9C1C61D36B63F002E3E42 /* User.swift */; };
		CCF9C1C91D36B647002E3E42 /* SyncableObject.swift in Sources */ = {isa = PBXBuildFile; fileRef = CCF9C1C81D36B647002E3E42 /* SyncableObject.swift */; };
		CCF9C1CB1D36B653002E3E42 /* SongController.swift in Sources */ = {isa = PBXBuildFile; fileRef = CCF9C1CA1D36B653002E3E42 /* SongController.swift */; };
/* End PBXBuildFile section */

/* Begin PBXFileReference section */
		CC0743FA1D3FEC0C008E300E /* ImageController.swift */ = {isa = PBXFileReference; fileEncoding = 4; lastKnownFileType = sourcecode.swift; path = ImageController.swift; sourceTree = "<group>"; };
		CC34CA2D1D4927BC0081AC07 /* ProfileTableViewCell.swift */ = {isa = PBXFileReference; fileEncoding = 4; lastKnownFileType = sourcecode.swift; path = ProfileTableViewCell.swift; sourceTree = "<group>"; };
		CC636B0E1D36FC20003B4A18 /* SearchableRecord.swift */ = {isa = PBXFileReference; fileEncoding = 4; lastKnownFileType = sourcecode.swift; path = SearchableRecord.swift; sourceTree = "<group>"; };
		CC636B101D37043F003B4A18 /* PlaylistViewController.swift */ = {isa = PBXFileReference; fileEncoding = 4; lastKnownFileType = sourcecode.swift; path = PlaylistViewController.swift; sourceTree = "<group>"; };
		CCB5931D1D306A0E000C6906 /* Mixtape.app */ = {isa = PBXFileReference; explicitFileType = wrapper.application; includeInIndex = 0; path = Mixtape.app; sourceTree = BUILT_PRODUCTS_DIR; };
		CCB593201D306A0E000C6906 /* AppDelegate.swift */ = {isa = PBXFileReference; lastKnownFileType = sourcecode.swift; name = AppDelegate.swift; path = Mixtape/AppDelegate.swift; sourceTree = "<group>"; };
		CCB593251D306A0E000C6906 /* Base */ = {isa = PBXFileReference; lastKnownFileType = file.storyboard; name = Base; path = Base.lproj/Main.storyboard; sourceTree = "<group>"; };
		CCB593271D306A0E000C6906 /* Assets.xcassets */ = {isa = PBXFileReference; lastKnownFileType = folder.assetcatalog; path = Assets.xcassets; sourceTree = "<group>"; };
		CCB5932C1D306A0E000C6906 /* Info.plist */ = {isa = PBXFileReference; lastKnownFileType = text.plist.xml; path = Info.plist; sourceTree = "<group>"; };
		CCB593321D306A27000C6906 /* Mixtape.entitlements */ = {isa = PBXFileReference; lastKnownFileType = text.xml; name = Mixtape.entitlements; path = Mixtape/Mixtape.entitlements; sourceTree = "<group>"; };
		CCB593331D306A45000C6906 /* CloudKit.framework */ = {isa = PBXFileReference; lastKnownFileType = wrapper.framework; name = CloudKit.framework; path = System/Library/Frameworks/CloudKit.framework; sourceTree = SDKROOT; };
		CCB593351D306BAB000C6906 /* LoginViewController.swift */ = {isa = PBXFileReference; fileEncoding = 4; lastKnownFileType = sourcecode.swift; path = LoginViewController.swift; sourceTree = "<group>"; };
		CCB5935B1D3413E3000C6906 /* CoreData.xcdatamodel */ = {isa = PBXFileReference; lastKnownFileType = wrapper.xcdatamodel; path = CoreData.xcdatamodel; sourceTree = "<group>"; };
		CCB5935D1D3436FE000C6906 /* NetworkController.swift */ = {isa = PBXFileReference; fileEncoding = 4; lastKnownFileType = sourcecode.swift; path = NetworkController.swift; sourceTree = "<group>"; };
		CCB5936E1D344462000C6906 /* Stack.swift */ = {isa = PBXFileReference; fileEncoding = 4; lastKnownFileType = sourcecode.swift; path = Stack.swift; sourceTree = "<group>"; };
		CCB593811D344B2C000C6906 /* UserController.swift */ = {isa = PBXFileReference; fileEncoding = 4; lastKnownFileType = sourcecode.swift; path = UserController.swift; sourceTree = "<group>"; };
		CCB593851D344D9D000C6906 /* CloudKitManagedObject.swift */ = {isa = PBXFileReference; fileEncoding = 4; lastKnownFileType = sourcecode.swift; path = CloudKitManagedObject.swift; sourceTree = "<group>"; };
		CCB593871D344DD7000C6906 /* CloudKitManager.swift */ = {isa = PBXFileReference; fileEncoding = 4; lastKnownFileType = sourcecode.swift; path = CloudKitManager.swift; sourceTree = "<group>"; };
		CCCB02641D40304300B68678 /* SongSearchResultsTableViewCell.swift */ = {isa = PBXFileReference; fileEncoding = 4; lastKnownFileType = sourcecode.swift; path = SongSearchResultsTableViewCell.swift; sourceTree = "<group>"; };
		CCE2CD801D46786F00B1FEF0 /* MediaPlayer.framework */ = {isa = PBXFileReference; lastKnownFileType = wrapper.framework; name = MediaPlayer.framework; path = System/Library/Frameworks/MediaPlayer.framework; sourceTree = SDKROOT; };
		CCE2CD821D467E1300B1FEF0 /* UserTableViewCell.swift */ = {isa = PBXFileReference; fileEncoding = 4; lastKnownFileType = sourcecode.swift; path = UserTableViewCell.swift; sourceTree = "<group>"; };
		CCF9C1851D359AC3002E3E42 /* SongTableViewCell.swift */ = {isa = PBXFileReference; fileEncoding = 4; lastKnownFileType = sourcecode.swift; path = SongTableViewCell.swift; sourceTree = "<group>"; };
		CCF9C1871D35B293002E3E42 /* ProfileViewController.swift */ = {isa = PBXFileReference; fileEncoding = 4; lastKnownFileType = sourcecode.swift; path = ProfileViewController.swift; sourceTree = "<group>"; };
		CCF9C1891D35B8C9002E3E42 /* UserSearchTableViewController.swift */ = {isa = PBXFileReference; fileEncoding = 4; lastKnownFileType = sourcecode.swift; path = UserSearchTableViewController.swift; sourceTree = "<group>"; };
		CCF9C18D1D35B972002E3E42 /* SongSelectorTableViewController.swift */ = {isa = PBXFileReference; fileEncoding = 4; lastKnownFileType = sourcecode.swift; path = SongSelectorTableViewController.swift; sourceTree = "<group>"; };
		CCF9C1B31D36B1F0002E3E42 /* Playlist.swift */ = {isa = PBXFileReference; fileEncoding = 4; lastKnownFileType = sourcecode.swift; path = Playlist.swift; sourceTree = "<group>"; };
		CCF9C1B61D36B24C002E3E42 /* SyncableObject+CoreDataProperties.swift */ = {isa = PBXFileReference; fileEncoding = 4; lastKnownFileType = sourcecode.swift; path = "SyncableObject+CoreDataProperties.swift"; sourceTree = "<group>"; };
		CCF9C1B81D36B24C002E3E42 /* User+CoreDataProperties.swift */ = {isa = PBXFileReference; fileEncoding = 4; lastKnownFileType = sourcecode.swift; path = "User+CoreDataProperties.swift"; sourceTree = "<group>"; };
		CCF9C1BA1D36B24C002E3E42 /* Playlist+CoreDataProperties.swift */ = {isa = PBXFileReference; fileEncoding = 4; lastKnownFileType = sourcecode.swift; path = "Playlist+CoreDataProperties.swift"; sourceTree = "<group>"; };
		CCF9C1BB1D36B24C002E3E42 /* Song+CoreDataProperties.swift */ = {isa = PBXFileReference; fileEncoding = 4; lastKnownFileType = sourcecode.swift; path = "Song+CoreDataProperties.swift"; sourceTree = "<group>"; };
		CCF9C1C41D36B62D002E3E42 /* Song.swift */ = {isa = PBXFileReference; fileEncoding = 4; lastKnownFileType = sourcecode.swift; path = Song.swift; sourceTree = "<group>"; };
		CCF9C1C61D36B63F002E3E42 /* User.swift */ = {isa = PBXFileReference; fileEncoding = 4; lastKnownFileType = sourcecode.swift; path = User.swift; sourceTree = "<group>"; };
		CCF9C1C81D36B647002E3E42 /* SyncableObject.swift */ = {isa = PBXFileReference; fileEncoding = 4; lastKnownFileType = sourcecode.swift; path = SyncableObject.swift; sourceTree = "<group>"; };
		CCF9C1CA1D36B653002E3E42 /* SongController.swift */ = {isa = PBXFileReference; fileEncoding = 4; lastKnownFileType = sourcecode.swift; path = SongController.swift; sourceTree = "<group>"; };
/* End PBXFileReference section */

/* Begin PBXFrameworksBuildPhase section */
		CCB5931A1D306A0E000C6906 /* Frameworks */ = {
			isa = PBXFrameworksBuildPhase;
			buildActionMask = 2147483647;
			files = (
				CCE2CD811D46786F00B1FEF0 /* MediaPlayer.framework in Frameworks */,
				CCB593341D306A45000C6906 /* CloudKit.framework in Frameworks */,
			);
			runOnlyForDeploymentPostprocessing = 0;
		};
/* End PBXFrameworksBuildPhase section */

/* Begin PBXGroup section */
		CC0743FC1D3FF5C9008E300E /* VIEW */ = {
			isa = PBXGroup;
			children = (
				CCB593241D306A0E000C6906 /* Main.storyboard */,
				CCB593271D306A0E000C6906 /* Assets.xcassets */,
				CCB5932C1D306A0E000C6906 /* Info.plist */,
			);
			name = VIEW;
			sourceTree = "<group>";
		};
		CCB593141D306A0E000C6906 = {
			isa = PBXGroup;
			children = (
				CCE2CD801D46786F00B1FEF0 /* MediaPlayer.framework */,
				CCB5931F1D306A0E000C6906 /* Mixtape */,
				CCB593321D306A27000C6906 /* Mixtape.entitlements */,
				CCB593201D306A0E000C6906 /* AppDelegate.swift */,
				CCB593331D306A45000C6906 /* CloudKit.framework */,
				CCB5931E1D306A0E000C6906 /* Products */,
			);
			sourceTree = "<group>";
		};
		CCB5931E1D306A0E000C6906 /* Products */ = {
			isa = PBXGroup;
			children = (
				CCB5931D1D306A0E000C6906 /* Mixtape.app */,
			);
			name = Products;
			sourceTree = "<group>";
		};
		CCB5931F1D306A0E000C6906 /* Mixtape */ = {
			isa = PBXGroup;
			children = (
				CCB5935A1D3413E3000C6906 /* CoreData.xcdatamodeld */,
				CCB5937C1D3445EA000C6906 /* COREDATA/CLOUDKIT */,
				CCB5936D1D344140000C6906 /* MODEL */,
				CCB593601D3437D4000C6906 /* MODEL CONTROLLERS */,
				CCB5935F1D3437C6000C6906 /* VIEW CONTROLLERS */,
				CC0743FC1D3FF5C9008E300E /* VIEW */,
			);
			path = Mixtape;
			sourceTree = "<group>";
		};
		CCB5935F1D3437C6000C6906 /* VIEW CONTROLLERS */ = {
			isa = PBXGroup;
			children = (
				CCB593351D306BAB000C6906 /* LoginViewController.swift */,
				CCF9C1851D359AC3002E3E42 /* SongTableViewCell.swift */,
				CC636B101D37043F003B4A18 /* PlaylistViewController.swift */,
				CCF9C1891D35B8C9002E3E42 /* UserSearchTableViewController.swift */,
				CCE2CD821D467E1300B1FEF0 /* UserTableViewCell.swift */,
				CC34CA2D1D4927BC0081AC07 /* ProfileTableViewCell.swift */,
				CCF9C1871D35B293002E3E42 /* ProfileViewController.swift */,
				CCCB02641D40304300B68678 /* SongSearchResultsTableViewCell.swift */,
				CCF9C18D1D35B972002E3E42 /* SongSelectorTableViewController.swift */,
			);
			name = "VIEW CONTROLLERS";
			sourceTree = "<group>";
		};
		CCB593601D3437D4000C6906 /* MODEL CONTROLLERS */ = {
			isa = PBXGroup;
			children = (
				CCB5935D1D3436FE000C6906 /* NetworkController.swift */,
				CC0743FA1D3FEC0C008E300E /* ImageController.swift */,
				CCF9C1CA1D36B653002E3E42 /* SongController.swift */,
				CCB593811D344B2C000C6906 /* UserController.swift */,
				CC636B0E1D36FC20003B4A18 /* SearchableRecord.swift */,
			);
			name = "MODEL CONTROLLERS";
			sourceTree = "<group>";
		};
		CCB5936D1D344140000C6906 /* MODEL */ = {
			isa = PBXGroup;
			children = (
				CCF9C1C81D36B647002E3E42 /* SyncableObject.swift */,
				CCF9C1B31D36B1F0002E3E42 /* Playlist.swift */,
				CCF9C1C41D36B62D002E3E42 /* Song.swift */,
				CCF9C1C61D36B63F002E3E42 /* User.swift */,
				CCB5936E1D344462000C6906 /* Stack.swift */,
			);
			name = MODEL;
			sourceTree = "<group>";
		};
		CCB5937C1D3445EA000C6906 /* COREDATA/CLOUDKIT */ = {
			isa = PBXGroup;
			children = (
				CCF9C1B61D36B24C002E3E42 /* SyncableObject+CoreDataProperties.swift */,
				CCF9C1B81D36B24C002E3E42 /* User+CoreDataProperties.swift */,
				CCF9C1BA1D36B24C002E3E42 /* Playlist+CoreDataProperties.swift */,
				CCF9C1BB1D36B24C002E3E42 /* Song+CoreDataProperties.swift */,
				CCB593851D344D9D000C6906 /* CloudKitManagedObject.swift */,
				CCB593871D344DD7000C6906 /* CloudKitManager.swift */,
			);
			name = COREDATA/CLOUDKIT;
			sourceTree = "<group>";
		};
/* End PBXGroup section */

/* Begin PBXNativeTarget section */
		CCB5931C1D306A0E000C6906 /* Mixtape */ = {
			isa = PBXNativeTarget;
			buildConfigurationList = CCB5932F1D306A0E000C6906 /* Build configuration list for PBXNativeTarget "Mixtape" */;
			buildPhases = (
				CCB593191D306A0E000C6906 /* Sources */,
				CCB5931A1D306A0E000C6906 /* Frameworks */,
				CCB5931B1D306A0E000C6906 /* Resources */,
			);
			buildRules = (
			);
			dependencies = (
			);
			name = Mixtape;
			productName = Mixtape;
			productReference = CCB5931D1D306A0E000C6906 /* Mixtape.app */;
			productType = "com.apple.product-type.application";
		};
/* End PBXNativeTarget section */

/* Begin PBXProject section */
		CCB593151D306A0E000C6906 /* Project object */ = {
			isa = PBXProject;
			attributes = {
				LastSwiftUpdateCheck = 0730;
				LastUpgradeCheck = 0730;
				ORGANIZATIONNAME = "Eva Bresciano";
				TargetAttributes = {
					CCB5931C1D306A0E000C6906 = {
						CreatedOnToolsVersion = 7.3;
						DevelopmentTeam = 35L3J99R6J;
						SystemCapabilities = {
							com.apple.BackgroundModes = {
								enabled = 0;
							};
							com.apple.Push = {
								enabled = 1;
							};
							com.apple.iCloud = {
								enabled = 1;
							};
						};
					};
				};
			};
			buildConfigurationList = CCB593181D306A0E000C6906 /* Build configuration list for PBXProject "Mixtape" */;
			compatibilityVersion = "Xcode 3.2";
			developmentRegion = English;
			hasScannedForEncodings = 0;
			knownRegions = (
				en,
				Base,
			);
			mainGroup = CCB593141D306A0E000C6906;
			productRefGroup = CCB5931E1D306A0E000C6906 /* Products */;
			projectDirPath = "";
			projectRoot = "";
			targets = (
				CCB5931C1D306A0E000C6906 /* Mixtape */,
			);
		};
/* End PBXProject section */

/* Begin PBXResourcesBuildPhase section */
		CCB5931B1D306A0E000C6906 /* Resources */ = {
			isa = PBXResourcesBuildPhase;
			buildActionMask = 2147483647;
			files = (
				CCB593281D306A0E000C6906 /* Assets.xcassets in Resources */,
				CCB593261D306A0E000C6906 /* Main.storyboard in Resources */,
			);
			runOnlyForDeploymentPostprocessing = 0;
		};
/* End PBXResourcesBuildPhase section */

/* Begin PBXSourcesBuildPhase section */
		CCB593191D306A0E000C6906 /* Sources */ = {
			isa = PBXSourcesBuildPhase;
			buildActionMask = 2147483647;
			files = (
				CCF9C1C21D36B24C002E3E42 /* Song+CoreDataProperties.swift in Sources */,
				CCF9C1C71D36B63F002E3E42 /* User.swift in Sources */,
				CCF9C1861D359AC3002E3E42 /* SongTableViewCell.swift in Sources */,
				CC34CA2E1D4927BC0081AC07 /* ProfileTableViewCell.swift in Sources */,
				CCF9C1881D35B293002E3E42 /* ProfileViewController.swift in Sources */,
				CCE2CD831D467E1300B1FEF0 /* UserTableViewCell.swift in Sources */,
				CCF9C1C11D36B24C002E3E42 /* Playlist+CoreDataProperties.swift in Sources */,
				CCF9C18E1D35B972002E3E42 /* SongSelectorTableViewController.swift in Sources */,
				CCB5935E1D3436FE000C6906 /* NetworkController.swift in Sources */,
				CCB593861D344D9D000C6906 /* CloudKitManagedObject.swift in Sources */,
				CCB593821D344B2C000C6906 /* UserController.swift in Sources */,
				CCF9C18A1D35B8C9002E3E42 /* UserSearchTableViewController.swift in Sources */,
				CCB593361D306BAB000C6906 /* LoginViewController.swift in Sources */,
				CCF9C1C91D36B647002E3E42 /* SyncableObject.swift in Sources */,
				CCB5936F1D344462000C6906 /* Stack.swift in Sources */,
				CCB593881D344DD7000C6906 /* CloudKitManager.swift in Sources */,
				CCF9C1BD1D36B24C002E3E42 /* SyncableObject+CoreDataProperties.swift in Sources */,
				CCCB02651D40304300B68678 /* SongSearchResultsTableViewCell.swift in Sources */,
				CC0743FB1D3FEC0C008E300E /* ImageController.swift in Sources */,
				CCF9C1CB1D36B653002E3E42 /* SongController.swift in Sources */,
				CCB593211D306A0E000C6906 /* AppDelegate.swift in Sources */,
				CCF9C1B51D36B1F0002E3E42 /* Playlist.swift in Sources */,
				CCF9C1C51D36B62D002E3E42 /* Song.swift in Sources */,
				CC636B0F1D36FC20003B4A18 /* SearchableRecord.swift in Sources */,
				CC636B111D37043F003B4A18 /* PlaylistViewController.swift in Sources */,
				CCF9C1BF1D36B24C002E3E42 /* User+CoreDataProperties.swift in Sources */,
				CCB5935C1D3413E3000C6906 /* CoreData.xcdatamodeld in Sources */,
			);
			runOnlyForDeploymentPostprocessing = 0;
		};
/* End PBXSourcesBuildPhase section */

/* Begin PBXVariantGroup section */
		CCB593241D306A0E000C6906 /* Main.storyboard */ = {
			isa = PBXVariantGroup;
			children = (
				CCB593251D306A0E000C6906 /* Base */,
			);
			name = Main.storyboard;
			sourceTree = "<group>";
		};
/* End PBXVariantGroup section */

/* Begin XCBuildConfiguration section */
		CCB5932D1D306A0E000C6906 /* Debug */ = {
			isa = XCBuildConfiguration;
			buildSettings = {
				ALWAYS_SEARCH_USER_PATHS = NO;
				CLANG_ANALYZER_NONNULL = YES;
				CLANG_CXX_LANGUAGE_STANDARD = "gnu++0x";
				CLANG_CXX_LIBRARY = "libc++";
				CLANG_ENABLE_MODULES = YES;
				CLANG_ENABLE_OBJC_ARC = YES;
				CLANG_WARN_BOOL_CONVERSION = YES;
				CLANG_WARN_CONSTANT_CONVERSION = YES;
				CLANG_WARN_DIRECT_OBJC_ISA_USAGE = YES_ERROR;
				CLANG_WARN_EMPTY_BODY = YES;
				CLANG_WARN_ENUM_CONVERSION = YES;
				CLANG_WARN_INT_CONVERSION = YES;
				CLANG_WARN_OBJC_ROOT_CLASS = YES_ERROR;
				CLANG_WARN_UNREACHABLE_CODE = YES;
				CLANG_WARN__DUPLICATE_METHOD_MATCH = YES;
				"CODE_SIGN_IDENTITY[sdk=iphoneos*]" = "iPhone Developer";
				COPY_PHASE_STRIP = NO;
				DEBUG_INFORMATION_FORMAT = dwarf;
				ENABLE_STRICT_OBJC_MSGSEND = YES;
				ENABLE_TESTABILITY = YES;
				GCC_C_LANGUAGE_STANDARD = gnu99;
				GCC_DYNAMIC_NO_PIC = NO;
				GCC_NO_COMMON_BLOCKS = YES;
				GCC_OPTIMIZATION_LEVEL = 0;
				GCC_PREPROCESSOR_DEFINITIONS = (
					"DEBUG=1",
					"$(inherited)",
				);
				GCC_WARN_64_TO_32_BIT_CONVERSION = YES;
				GCC_WARN_ABOUT_RETURN_TYPE = YES_ERROR;
				GCC_WARN_UNDECLARED_SELECTOR = YES;
				GCC_WARN_UNINITIALIZED_AUTOS = YES_AGGRESSIVE;
				GCC_WARN_UNUSED_FUNCTION = YES;
				GCC_WARN_UNUSED_VARIABLE = YES;
				IPHONEOS_DEPLOYMENT_TARGET = 9.3;
				MTL_ENABLE_DEBUG_INFO = YES;
				ONLY_ACTIVE_ARCH = YES;
				SDKROOT = iphoneos;
				SWIFT_OPTIMIZATION_LEVEL = "-Onone";
				TARGETED_DEVICE_FAMILY = "1,2";
			};
			name = Debug;
		};
		CCB5932E1D306A0E000C6906 /* Release */ = {
			isa = XCBuildConfiguration;
			buildSettings = {
				ALWAYS_SEARCH_USER_PATHS = NO;
				CLANG_ANALYZER_NONNULL = YES;
				CLANG_CXX_LANGUAGE_STANDARD = "gnu++0x";
				CLANG_CXX_LIBRARY = "libc++";
				CLANG_ENABLE_MODULES = YES;
				CLANG_ENABLE_OBJC_ARC = YES;
				CLANG_WARN_BOOL_CONVERSION = YES;
				CLANG_WARN_CONSTANT_CONVERSION = YES;
				CLANG_WARN_DIRECT_OBJC_ISA_USAGE = YES_ERROR;
				CLANG_WARN_EMPTY_BODY = YES;
				CLANG_WARN_ENUM_CONVERSION = YES;
				CLANG_WARN_INT_CONVERSION = YES;
				CLANG_WARN_OBJC_ROOT_CLASS = YES_ERROR;
				CLANG_WARN_UNREACHABLE_CODE = YES;
				CLANG_WARN__DUPLICATE_METHOD_MATCH = YES;
				"CODE_SIGN_IDENTITY[sdk=iphoneos*]" = "iPhone Developer";
				COPY_PHASE_STRIP = NO;
				DEBUG_INFORMATION_FORMAT = "dwarf-with-dsym";
				ENABLE_NS_ASSERTIONS = NO;
				ENABLE_STRICT_OBJC_MSGSEND = YES;
				GCC_C_LANGUAGE_STANDARD = gnu99;
				GCC_NO_COMMON_BLOCKS = YES;
				GCC_WARN_64_TO_32_BIT_CONVERSION = YES;
				GCC_WARN_ABOUT_RETURN_TYPE = YES_ERROR;
				GCC_WARN_UNDECLARED_SELECTOR = YES;
				GCC_WARN_UNINITIALIZED_AUTOS = YES_AGGRESSIVE;
				GCC_WARN_UNUSED_FUNCTION = YES;
				GCC_WARN_UNUSED_VARIABLE = YES;
				IPHONEOS_DEPLOYMENT_TARGET = 9.3;
				MTL_ENABLE_DEBUG_INFO = NO;
				SDKROOT = iphoneos;
				TARGETED_DEVICE_FAMILY = "1,2";
				VALIDATE_PRODUCT = YES;
			};
			name = Release;
		};
		CCB593301D306A0E000C6906 /* Debug */ = {
			isa = XCBuildConfiguration;
			buildSettings = {
				ASSETCATALOG_COMPILER_APPICON_NAME = AppIcon;
				CODE_SIGN_ENTITLEMENTS = Mixtape/Mixtape.entitlements;
				CODE_SIGN_IDENTITY = "iPhone Developer";
				INFOPLIST_FILE = Mixtape/Info.plist;
				LD_RUNPATH_SEARCH_PATHS = "$(inherited) @executable_path/Frameworks";
				PRODUCT_BUNDLE_IDENTIFIER = com.example..Mixtape;
				PRODUCT_NAME = "$(TARGET_NAME)";
			};
			name = Debug;
		};
		CCB593311D306A0E000C6906 /* Release */ = {
			isa = XCBuildConfiguration;
			buildSettings = {
				ASSETCATALOG_COMPILER_APPICON_NAME = AppIcon;
				CODE_SIGN_ENTITLEMENTS = Mixtape/Mixtape.entitlements;
				CODE_SIGN_IDENTITY = "iPhone Developer";
				INFOPLIST_FILE = Mixtape/Info.plist;
				LD_RUNPATH_SEARCH_PATHS = "$(inherited) @executable_path/Frameworks";
				PRODUCT_BUNDLE_IDENTIFIER = com.example..Mixtape;
				PRODUCT_NAME = "$(TARGET_NAME)";
			};
			name = Release;
		};
/* End XCBuildConfiguration section */

/* Begin XCConfigurationList section */
		CCB593181D306A0E000C6906 /* Build configuration list for PBXProject "Mixtape" */ = {
			isa = XCConfigurationList;
			buildConfigurations = (
				CCB5932D1D306A0E000C6906 /* Debug */,
				CCB5932E1D306A0E000C6906 /* Release */,
			);
			defaultConfigurationIsVisible = 0;
			defaultConfigurationName = Release;
		};
		CCB5932F1D306A0E000C6906 /* Build configuration list for PBXNativeTarget "Mixtape" */ = {
			isa = XCConfigurationList;
			buildConfigurations = (
				CCB593301D306A0E000C6906 /* Debug */,
				CCB593311D306A0E000C6906 /* Release */,
			);
			defaultConfigurationIsVisible = 0;
			defaultConfigurationName = Release;
		};
/* End XCConfigurationList section */

/* Begin XCVersionGroup section */
		CCB5935A1D3413E3000C6906 /* CoreData.xcdatamodeld */ = {
			isa = XCVersionGroup;
			children = (
				CCB5935B1D3413E3000C6906 /* CoreData.xcdatamodel */,
			);
			currentVersion = CCB5935B1D3413E3000C6906 /* CoreData.xcdatamodel */;
			path = CoreData.xcdatamodeld;
			sourceTree = "<group>";
			versionGroupType = wrapper.xcdatamodel;
		};
/* End XCVersionGroup section */
	};
	rootObject = CCB593151D306A0E000C6906 /* Project object */;
}
